
Microsoft Visual Studio Solution File, Format Version 12.00
# Visual Studio Version 16
VisualStudioVersion = 16.0.30907.101
MinimumVisualStudioVersion = 10.0.40219.1
Project("{FAE04EC0-301F-11D3-BF4B-00C04F79EFBC}") = "Lesson_7", "Lesson_7\Lesson_7.csproj", "{548095AF-427C-469C-A341-1872635C468C}"
EndProject
Global
	GlobalSection(SolutionConfigurationPlatforms) = preSolution
		Debug|Any CPU = Debug|Any CPU
		Release|Any CPU = Release|Any CPU
	EndGlobalSection
	GlobalSection(ProjectConfigurationPlatforms) = postSolution
		{548095AF-427C-469C-A341-1872635C468C}.Debug|Any CPU.ActiveCfg = Debug|Any CPU
		{548095AF-427C-469C-A341-1872635C468C}.Debug|Any CPU.Build.0 = Debug|Any CPU
		{548095AF-427C-469C-A341-1872635C468C}.Release|Any CPU.ActiveCfg = Release|Any CPU
		{548095AF-427C-469C-A341-1872635C468C}.Release|Any CPU.Build.0 = Release|Any CPU
	EndGlobalSection
	GlobalSection(SolutionProperties) = preSolution
		HideSolutionNode = FALSE
	EndGlobalSection
	GlobalSection(ExtensibilityGlobals) = postSolution
		SolutionGuid = {363B7131-127A-445D-99A6-680E1FF3F34E}
	EndGlobalSection
EndGlobal
