
Microsoft Visual Studio Solution File, Format Version 12.00
# Visual Studio Version 16
VisualStudioVersion = 16.0.30907.101
MinimumVisualStudioVersion = 10.0.40219.1
Project("{FAE04EC0-301F-11D3-BF4B-00C04F79EFBC}") = "Lesson_4", "Lesson_4\Lesson_4.csproj", "{61AE0504-D2A1-4D6E-9338-3231CF23CFD5}"
EndProject
Global
	GlobalSection(SolutionConfigurationPlatforms) = preSolution
		Debug|Any CPU = Debug|Any CPU
		Release|Any CPU = Release|Any CPU
	EndGlobalSection
	GlobalSection(ProjectConfigurationPlatforms) = postSolution
		{61AE0504-D2A1-4D6E-9338-3231CF23CFD5}.Debug|Any CPU.ActiveCfg = Debug|Any CPU
		{61AE0504-D2A1-4D6E-9338-3231CF23CFD5}.Debug|Any CPU.Build.0 = Debug|Any CPU
		{61AE0504-D2A1-4D6E-9338-3231CF23CFD5}.Release|Any CPU.ActiveCfg = Release|Any CPU
		{61AE0504-D2A1-4D6E-9338-3231CF23CFD5}.Release|Any CPU.Build.0 = Release|Any CPU
	EndGlobalSection
	GlobalSection(SolutionProperties) = preSolution
		HideSolutionNode = FALSE
	EndGlobalSection
	GlobalSection(ExtensibilityGlobals) = postSolution
		SolutionGuid = {C0870E86-54F1-4941-9142-B99579E409D5}
	EndGlobalSection
EndGlobal
