
Microsoft Visual Studio Solution File, Format Version 12.00
# Visual Studio Version 16
VisualStudioVersion = 16.0.30907.101
MinimumVisualStudioVersion = 10.0.40219.1
Project("{FAE04EC0-301F-11D3-BF4B-00C04F79EFBC}") = "WeatherConsoleAppJustForFun", "WeatherConsoleAppJustForFun\WeatherConsoleAppJustForFun.csproj", "{6442FC59-AC06-4D29-82DF-6601E191CEDA}"
EndProject
Global
	GlobalSection(SolutionConfigurationPlatforms) = preSolution
		Debug|Any CPU = Debug|Any CPU
		Release|Any CPU = Release|Any CPU
	EndGlobalSection
	GlobalSection(ProjectConfigurationPlatforms) = postSolution
		{6442FC59-AC06-4D29-82DF-6601E191CEDA}.Debug|Any CPU.ActiveCfg = Debug|Any CPU
		{6442FC59-AC06-4D29-82DF-6601E191CEDA}.Debug|Any CPU.Build.0 = Debug|Any CPU
		{6442FC59-AC06-4D29-82DF-6601E191CEDA}.Release|Any CPU.ActiveCfg = Release|Any CPU
		{6442FC59-AC06-4D29-82DF-6601E191CEDA}.Release|Any CPU.Build.0 = Release|Any CPU
	EndGlobalSection
	GlobalSection(SolutionProperties) = preSolution
		HideSolutionNode = FALSE
	EndGlobalSection
	GlobalSection(ExtensibilityGlobals) = postSolution
		SolutionGuid = {A3806CF4-42A5-4A3E-B7AB-318E4093FAD9}
	EndGlobalSection
EndGlobal
