
Microsoft Visual Studio Solution File, Format Version 12.00
# Visual Studio Version 16
VisualStudioVersion = 16.0.30907.101
MinimumVisualStudioVersion = 10.0.40219.1
Project("{FAE04EC0-301F-11D3-BF4B-00C04F79EFBC}") = "MainApp", "MainApp\MainApp.csproj", "{75AA431C-08F6-4E84-929B-784B49C185AE}"
EndProject
Global
	GlobalSection(SolutionConfigurationPlatforms) = preSolution
		Debug|Any CPU = Debug|Any CPU
		Release|Any CPU = Release|Any CPU
	EndGlobalSection
	GlobalSection(ProjectConfigurationPlatforms) = postSolution
		{75AA431C-08F6-4E84-929B-784B49C185AE}.Debug|Any CPU.ActiveCfg = Debug|Any CPU
		{75AA431C-08F6-4E84-929B-784B49C185AE}.Debug|Any CPU.Build.0 = Debug|Any CPU
		{75AA431C-08F6-4E84-929B-784B49C185AE}.Release|Any CPU.ActiveCfg = Release|Any CPU
		{75AA431C-08F6-4E84-929B-784B49C185AE}.Release|Any CPU.Build.0 = Release|Any CPU
	EndGlobalSection
	GlobalSection(SolutionProperties) = preSolution
		HideSolutionNode = FALSE
	EndGlobalSection
	GlobalSection(ExtensibilityGlobals) = postSolution
		SolutionGuid = {48C16A2C-3091-4831-B9BC-75E5F8DE9462}
	EndGlobalSection
EndGlobal
