
Microsoft Visual Studio Solution File, Format Version 12.00
# Visual Studio Version 16
VisualStudioVersion = 16.0.30907.101
MinimumVisualStudioVersion = 10.0.40219.1
Project("{FAE04EC0-301F-11D3-BF4B-00C04F79EFBC}") = "Lesson_13B", "Lesson_13B\Lesson_13B.csproj", "{A93358CE-BE83-4089-A9D3-CB7F048D3142}"
EndProject
Global
	GlobalSection(SolutionConfigurationPlatforms) = preSolution
		Debug|Any CPU = Debug|Any CPU
		Release|Any CPU = Release|Any CPU
	EndGlobalSection
	GlobalSection(ProjectConfigurationPlatforms) = postSolution
		{A93358CE-BE83-4089-A9D3-CB7F048D3142}.Debug|Any CPU.ActiveCfg = Debug|Any CPU
		{A93358CE-BE83-4089-A9D3-CB7F048D3142}.Debug|Any CPU.Build.0 = Debug|Any CPU
		{A93358CE-BE83-4089-A9D3-CB7F048D3142}.Release|Any CPU.ActiveCfg = Release|Any CPU
		{A93358CE-BE83-4089-A9D3-CB7F048D3142}.Release|Any CPU.Build.0 = Release|Any CPU
	EndGlobalSection
	GlobalSection(SolutionProperties) = preSolution
		HideSolutionNode = FALSE
	EndGlobalSection
	GlobalSection(ExtensibilityGlobals) = postSolution
		SolutionGuid = {04766AA4-FB1E-4AF7-86CB-E9841D472E21}
	EndGlobalSection
EndGlobal
