
Microsoft Visual Studio Solution File, Format Version 12.00
# Visual Studio Version 16
VisualStudioVersion = 16.0.30907.101
MinimumVisualStudioVersion = 10.0.40219.1
Project("{9A19103F-16F7-4668-BE54-9A1E7A4F7556}") = "MainApp", "ConsoleApp\MainApp.csproj", "{0049389F-FC34-4C3D-9146-E8A21715F106}"
EndProject
Global
	GlobalSection(SolutionConfigurationPlatforms) = preSolution
		Debug|Any CPU = Debug|Any CPU
		Release|Any CPU = Release|Any CPU
	EndGlobalSection
	GlobalSection(ProjectConfigurationPlatforms) = postSolution
		{0049389F-FC34-4C3D-9146-E8A21715F106}.Debug|Any CPU.ActiveCfg = Debug|Any CPU
		{0049389F-FC34-4C3D-9146-E8A21715F106}.Debug|Any CPU.Build.0 = Debug|Any CPU
		{0049389F-FC34-4C3D-9146-E8A21715F106}.Release|Any CPU.ActiveCfg = Release|Any CPU
		{0049389F-FC34-4C3D-9146-E8A21715F106}.Release|Any CPU.Build.0 = Release|Any CPU
	EndGlobalSection
	GlobalSection(SolutionProperties) = preSolution
		HideSolutionNode = FALSE
	EndGlobalSection
	GlobalSection(ExtensibilityGlobals) = postSolution
		SolutionGuid = {0BD22FFB-CA47-461D-BA6F-D69C0A7088C6}
	EndGlobalSection
EndGlobal
