
Microsoft Visual Studio Solution File, Format Version 12.00
# Visual Studio Version 16
VisualStudioVersion = 16.0.30907.101
MinimumVisualStudioVersion = 10.0.40219.1
Project("{FAE04EC0-301F-11D3-BF4B-00C04F79EFBC}") = "Lesson_14", "Lesson_14\Lesson_14.csproj", "{2ECDB3BC-C5F5-4CA2-AE76-23969D2E914C}"
EndProject
Global
	GlobalSection(SolutionConfigurationPlatforms) = preSolution
		Debug|Any CPU = Debug|Any CPU
		Release|Any CPU = Release|Any CPU
	EndGlobalSection
	GlobalSection(ProjectConfigurationPlatforms) = postSolution
		{2ECDB3BC-C5F5-4CA2-AE76-23969D2E914C}.Debug|Any CPU.ActiveCfg = Debug|Any CPU
		{2ECDB3BC-C5F5-4CA2-AE76-23969D2E914C}.Debug|Any CPU.Build.0 = Debug|Any CPU
		{2ECDB3BC-C5F5-4CA2-AE76-23969D2E914C}.Release|Any CPU.ActiveCfg = Release|Any CPU
		{2ECDB3BC-C5F5-4CA2-AE76-23969D2E914C}.Release|Any CPU.Build.0 = Release|Any CPU
	EndGlobalSection
	GlobalSection(SolutionProperties) = preSolution
		HideSolutionNode = FALSE
	EndGlobalSection
	GlobalSection(ExtensibilityGlobals) = postSolution
		SolutionGuid = {FBD339A7-1825-469E-999B-B5F1D0C16F99}
	EndGlobalSection
EndGlobal
