
Microsoft Visual Studio Solution File, Format Version 12.00
# Visual Studio Version 16
VisualStudioVersion = 16.0.30907.101
MinimumVisualStudioVersion = 10.0.40219.1
Project("{FAE04EC0-301F-11D3-BF4B-00C04F79EFBC}") = "SignUp_LogIn_JustForFun", "SignUp_LogIn_JustForFun\SignUp_LogIn_JustForFun.csproj", "{EA551136-B08E-4948-861B-E658E11E6B4C}"
EndProject
Global
	GlobalSection(SolutionConfigurationPlatforms) = preSolution
		Debug|Any CPU = Debug|Any CPU
		Release|Any CPU = Release|Any CPU
	EndGlobalSection
	GlobalSection(ProjectConfigurationPlatforms) = postSolution
		{EA551136-B08E-4948-861B-E658E11E6B4C}.Debug|Any CPU.ActiveCfg = Debug|Any CPU
		{EA551136-B08E-4948-861B-E658E11E6B4C}.Debug|Any CPU.Build.0 = Debug|Any CPU
		{EA551136-B08E-4948-861B-E658E11E6B4C}.Release|Any CPU.ActiveCfg = Release|Any CPU
		{EA551136-B08E-4948-861B-E658E11E6B4C}.Release|Any CPU.Build.0 = Release|Any CPU
	EndGlobalSection
	GlobalSection(SolutionProperties) = preSolution
		HideSolutionNode = FALSE
	EndGlobalSection
	GlobalSection(ExtensibilityGlobals) = postSolution
		SolutionGuid = {CA110CEB-C47E-4076-8800-0A6C0FA332DF}
	EndGlobalSection
EndGlobal
